
Microsoft Visual Studio Solution File, Format Version 12.00
# Visual Studio Version 16
VisualStudioVersion = 16.0.30320.27
MinimumVisualStudioVersion = 10.0.40219.1
Project("{FAE04EC0-301F-11D3-BF4B-00C04F79EFBC}") = "ExercicioFixação", "ExercicioFixação\ExercicioFixação.csproj", "{C564CA73-DCCA-4A1E-BAE3-6F3F8FAB8813}"
EndProject
Global
	GlobalSection(SolutionConfigurationPlatforms) = preSolution
		Debug|Any CPU = Debug|Any CPU
		Release|Any CPU = Release|Any CPU
	EndGlobalSection
	GlobalSection(ProjectConfigurationPlatforms) = postSolution
		{C564CA73-DCCA-4A1E-BAE3-6F3F8FAB8813}.Debug|Any CPU.ActiveCfg = Debug|Any CPU
		{C564CA73-DCCA-4A1E-BAE3-6F3F8FAB8813}.Debug|Any CPU.Build.0 = Debug|Any CPU
		{C564CA73-DCCA-4A1E-BAE3-6F3F8FAB8813}.Release|Any CPU.ActiveCfg = Release|Any CPU
		{C564CA73-DCCA-4A1E-BAE3-6F3F8FAB8813}.Release|Any CPU.Build.0 = Release|Any CPU
	EndGlobalSection
	GlobalSection(SolutionProperties) = preSolution
		HideSolutionNode = FALSE
	EndGlobalSection
	GlobalSection(ExtensibilityGlobals) = postSolution
		SolutionGuid = {663894EC-8B59-49BC-95B0-A781FA4E1536}
	EndGlobalSection
EndGlobal
