
Microsoft Visual Studio Solution File, Format Version 12.00
# Visual Studio Version 16
VisualStudioVersion = 16.0.30225.117
MinimumVisualStudioVersion = 10.0.40219.1
Project("{FAE04EC0-301F-11D3-BF4B-00C04F79EFBC}") = "ex5", "ex5\ex5.csproj", "{499966D3-164C-4C83-8ECD-4CA05DBC27BD}"
EndProject
Global
	GlobalSection(SolutionConfigurationPlatforms) = preSolution
		Debug|Any CPU = Debug|Any CPU
		Release|Any CPU = Release|Any CPU
	EndGlobalSection
	GlobalSection(ProjectConfigurationPlatforms) = postSolution
		{499966D3-164C-4C83-8ECD-4CA05DBC27BD}.Debug|Any CPU.ActiveCfg = Debug|Any CPU
		{499966D3-164C-4C83-8ECD-4CA05DBC27BD}.Debug|Any CPU.Build.0 = Debug|Any CPU
		{499966D3-164C-4C83-8ECD-4CA05DBC27BD}.Release|Any CPU.ActiveCfg = Release|Any CPU
		{499966D3-164C-4C83-8ECD-4CA05DBC27BD}.Release|Any CPU.Build.0 = Release|Any CPU
	EndGlobalSection
	GlobalSection(SolutionProperties) = preSolution
		HideSolutionNode = FALSE
	EndGlobalSection
	GlobalSection(ExtensibilityGlobals) = postSolution
		SolutionGuid = {761BC44B-95EA-46F4-A6F7-755DB6E0AA23}
	EndGlobalSection
EndGlobal
