
Microsoft Visual Studio Solution File, Format Version 12.00
# Visual Studio Version 16
VisualStudioVersion = 16.0.30225.117
MinimumVisualStudioVersion = 10.0.40219.1
Project("{FAE04EC0-301F-11D3-BF4B-00C04F79EFBC}") = "exercicio fixacao", "exercicio fixacao\exercicio fixacao.csproj", "{0775D085-9F4C-4ED7-A16F-FD939FDB3AB9}"
EndProject
Global
	GlobalSection(SolutionConfigurationPlatforms) = preSolution
		Debug|Any CPU = Debug|Any CPU
		Release|Any CPU = Release|Any CPU
	EndGlobalSection
	GlobalSection(ProjectConfigurationPlatforms) = postSolution
		{0775D085-9F4C-4ED7-A16F-FD939FDB3AB9}.Debug|Any CPU.ActiveCfg = Debug|Any CPU
		{0775D085-9F4C-4ED7-A16F-FD939FDB3AB9}.Debug|Any CPU.Build.0 = Debug|Any CPU
		{0775D085-9F4C-4ED7-A16F-FD939FDB3AB9}.Release|Any CPU.ActiveCfg = Release|Any CPU
		{0775D085-9F4C-4ED7-A16F-FD939FDB3AB9}.Release|Any CPU.Build.0 = Release|Any CPU
	EndGlobalSection
	GlobalSection(SolutionProperties) = preSolution
		HideSolutionNode = FALSE
	EndGlobalSection
	GlobalSection(ExtensibilityGlobals) = postSolution
		SolutionGuid = {675F1D94-DE80-4927-91A2-4BD6F7B01EE1}
	EndGlobalSection
EndGlobal
