
Microsoft Visual Studio Solution File, Format Version 12.00
# Visual Studio Version 16
VisualStudioVersion = 16.0.30225.117
MinimumVisualStudioVersion = 10.0.40219.1
Project("{FAE04EC0-301F-11D3-BF4B-00C04F79EFBC}") = "ex1", "ex1\ex1.csproj", "{0DEF9FE3-0A22-433A-BA97-07483E021B7D}"
EndProject
Global
	GlobalSection(SolutionConfigurationPlatforms) = preSolution
		Debug|Any CPU = Debug|Any CPU
		Release|Any CPU = Release|Any CPU
	EndGlobalSection
	GlobalSection(ProjectConfigurationPlatforms) = postSolution
		{0DEF9FE3-0A22-433A-BA97-07483E021B7D}.Debug|Any CPU.ActiveCfg = Debug|Any CPU
		{0DEF9FE3-0A22-433A-BA97-07483E021B7D}.Debug|Any CPU.Build.0 = Debug|Any CPU
		{0DEF9FE3-0A22-433A-BA97-07483E021B7D}.Release|Any CPU.ActiveCfg = Release|Any CPU
		{0DEF9FE3-0A22-433A-BA97-07483E021B7D}.Release|Any CPU.Build.0 = Release|Any CPU
	EndGlobalSection
	GlobalSection(SolutionProperties) = preSolution
		HideSolutionNode = FALSE
	EndGlobalSection
	GlobalSection(ExtensibilityGlobals) = postSolution
		SolutionGuid = {687CA8BE-10E9-43D3-9A51-58BC26D2C43B}
	EndGlobalSection
EndGlobal
