
Microsoft Visual Studio Solution File, Format Version 12.00
# Visual Studio Version 16
VisualStudioVersion = 16.0.30225.117
MinimumVisualStudioVersion = 10.0.40219.1
Project("{FAE04EC0-301F-11D3-BF4B-00C04F79EFBC}") = "EstruturaSequencial2", "EstruturaSequencial2\EstruturaSequencial2.csproj", "{C30BB2B0-968A-4E79-BC3B-DB14D517BA45}"
EndProject
Global
	GlobalSection(SolutionConfigurationPlatforms) = preSolution
		Debug|Any CPU = Debug|Any CPU
		Release|Any CPU = Release|Any CPU
	EndGlobalSection
	GlobalSection(ProjectConfigurationPlatforms) = postSolution
		{C30BB2B0-968A-4E79-BC3B-DB14D517BA45}.Debug|Any CPU.ActiveCfg = Debug|Any CPU
		{C30BB2B0-968A-4E79-BC3B-DB14D517BA45}.Debug|Any CPU.Build.0 = Debug|Any CPU
		{C30BB2B0-968A-4E79-BC3B-DB14D517BA45}.Release|Any CPU.ActiveCfg = Release|Any CPU
		{C30BB2B0-968A-4E79-BC3B-DB14D517BA45}.Release|Any CPU.Build.0 = Release|Any CPU
	EndGlobalSection
	GlobalSection(SolutionProperties) = preSolution
		HideSolutionNode = FALSE
	EndGlobalSection
	GlobalSection(ExtensibilityGlobals) = postSolution
		SolutionGuid = {C452FEED-065C-46F8-88D6-12C21F8DBB8E}
	EndGlobalSection
EndGlobal
