
Microsoft Visual Studio Solution File, Format Version 12.00
# Visual Studio Version 16
VisualStudioVersion = 16.0.30225.117
MinimumVisualStudioVersion = 10.0.40219.1
Project("{FAE04EC0-301F-11D3-BF4B-00C04F79EFBC}") = "ex6", "ex6\ex6.csproj", "{BE30E126-F9F2-4CC8-B78D-2A0FB58B8098}"
EndProject
Global
	GlobalSection(SolutionConfigurationPlatforms) = preSolution
		Debug|Any CPU = Debug|Any CPU
		Release|Any CPU = Release|Any CPU
	EndGlobalSection
	GlobalSection(ProjectConfigurationPlatforms) = postSolution
		{BE30E126-F9F2-4CC8-B78D-2A0FB58B8098}.Debug|Any CPU.ActiveCfg = Debug|Any CPU
		{BE30E126-F9F2-4CC8-B78D-2A0FB58B8098}.Debug|Any CPU.Build.0 = Debug|Any CPU
		{BE30E126-F9F2-4CC8-B78D-2A0FB58B8098}.Release|Any CPU.ActiveCfg = Release|Any CPU
		{BE30E126-F9F2-4CC8-B78D-2A0FB58B8098}.Release|Any CPU.Build.0 = Release|Any CPU
	EndGlobalSection
	GlobalSection(SolutionProperties) = preSolution
		HideSolutionNode = FALSE
	EndGlobalSection
	GlobalSection(ExtensibilityGlobals) = postSolution
		SolutionGuid = {CEEAF378-8C2B-41C5-B5CF-3843E791E5BD}
	EndGlobalSection
EndGlobal
