
Microsoft Visual Studio Solution File, Format Version 12.00
# Visual Studio Version 16
VisualStudioVersion = 16.0.30225.117
MinimumVisualStudioVersion = 10.0.40219.1
Project("{FAE04EC0-301F-11D3-BF4B-00C04F79EFBC}") = "exercicioFixacao", "exercicioFixacao\exercicioFixacao.csproj", "{4F694430-1E5D-4D39-8CBE-090EDCD43119}"
EndProject
Global
	GlobalSection(SolutionConfigurationPlatforms) = preSolution
		Debug|Any CPU = Debug|Any CPU
		Release|Any CPU = Release|Any CPU
	EndGlobalSection
	GlobalSection(ProjectConfigurationPlatforms) = postSolution
		{4F694430-1E5D-4D39-8CBE-090EDCD43119}.Debug|Any CPU.ActiveCfg = Debug|Any CPU
		{4F694430-1E5D-4D39-8CBE-090EDCD43119}.Debug|Any CPU.Build.0 = Debug|Any CPU
		{4F694430-1E5D-4D39-8CBE-090EDCD43119}.Release|Any CPU.ActiveCfg = Release|Any CPU
		{4F694430-1E5D-4D39-8CBE-090EDCD43119}.Release|Any CPU.Build.0 = Release|Any CPU
	EndGlobalSection
	GlobalSection(SolutionProperties) = preSolution
		HideSolutionNode = FALSE
	EndGlobalSection
	GlobalSection(ExtensibilityGlobals) = postSolution
		SolutionGuid = {0D1CE217-F1F8-4D1F-BBD7-87A58C3850D4}
	EndGlobalSection
EndGlobal
