
Microsoft Visual Studio Solution File, Format Version 12.00
# Visual Studio Version 16
VisualStudioVersion = 16.0.30225.117
MinimumVisualStudioVersion = 10.0.40219.1
Project("{FAE04EC0-301F-11D3-BF4B-00C04F79EFBC}") = "ex1", "ex1\ex1.csproj", "{D18CD370-F290-4FFC-AD35-7CB0095F93C2}"
EndProject
Global
	GlobalSection(SolutionConfigurationPlatforms) = preSolution
		Debug|Any CPU = Debug|Any CPU
		Release|Any CPU = Release|Any CPU
	EndGlobalSection
	GlobalSection(ProjectConfigurationPlatforms) = postSolution
		{D18CD370-F290-4FFC-AD35-7CB0095F93C2}.Debug|Any CPU.ActiveCfg = Debug|Any CPU
		{D18CD370-F290-4FFC-AD35-7CB0095F93C2}.Debug|Any CPU.Build.0 = Debug|Any CPU
		{D18CD370-F290-4FFC-AD35-7CB0095F93C2}.Release|Any CPU.ActiveCfg = Release|Any CPU
		{D18CD370-F290-4FFC-AD35-7CB0095F93C2}.Release|Any CPU.Build.0 = Release|Any CPU
	EndGlobalSection
	GlobalSection(SolutionProperties) = preSolution
		HideSolutionNode = FALSE
	EndGlobalSection
	GlobalSection(ExtensibilityGlobals) = postSolution
		SolutionGuid = {FEC80EA8-4DC4-4345-9E29-D19D72725E8E}
	EndGlobalSection
EndGlobal
