
Microsoft Visual Studio Solution File, Format Version 12.00
# Visual Studio Version 16
VisualStudioVersion = 16.0.30225.117
MinimumVisualStudioVersion = 10.0.40219.1
Project("{FAE04EC0-301F-11D3-BF4B-00C04F79EFBC}") = "ex8", "ex8\ex8.csproj", "{496E23DF-F345-4EAA-92E9-CD7C8313CACB}"
EndProject
Global
	GlobalSection(SolutionConfigurationPlatforms) = preSolution
		Debug|Any CPU = Debug|Any CPU
		Release|Any CPU = Release|Any CPU
	EndGlobalSection
	GlobalSection(ProjectConfigurationPlatforms) = postSolution
		{496E23DF-F345-4EAA-92E9-CD7C8313CACB}.Debug|Any CPU.ActiveCfg = Debug|Any CPU
		{496E23DF-F345-4EAA-92E9-CD7C8313CACB}.Debug|Any CPU.Build.0 = Debug|Any CPU
		{496E23DF-F345-4EAA-92E9-CD7C8313CACB}.Release|Any CPU.ActiveCfg = Release|Any CPU
		{496E23DF-F345-4EAA-92E9-CD7C8313CACB}.Release|Any CPU.Build.0 = Release|Any CPU
	EndGlobalSection
	GlobalSection(SolutionProperties) = preSolution
		HideSolutionNode = FALSE
	EndGlobalSection
	GlobalSection(ExtensibilityGlobals) = postSolution
		SolutionGuid = {38B30FCA-2AA2-465F-8E8E-2A307BE43693}
	EndGlobalSection
EndGlobal
